github.com/streadway/amqp v1.0.0 h1:kuuDrUJFZL1QYL9hUNuCxNObNzB0bV/ZG5jV3RWAQgo=
github.com/streadway/amqp v1.0.0/go.mod h1:AZpEONHx3DKn8O/DFsRAY58/XVQiIPMTMB1SddzLXVw=
gopkg.in/matryer/try.v1 v1.0.0-20150601225556-312d2599e12e h1:bJHzu9Qwc9wQRWJ/WVkJGAfs+riucl/tKAFNxf9pzqk=
gopkg.in/matryer/try.v1 v1.0.0-20150601225556-312d2599e12e/go.mod h1:tve0rTLdGlwnXF7iBO9rbAEyeXvuuPx0n4DvXS/Nw7o=
